PODS:
  - CalendarLib (2.0):
    - OrderedDictionary (~> 1.2)
    - OSCache (~> 1.2)
  - OrderedDictionary (1.4)
  - OSCache (1.2.1)

DEPENDENCIES:
  - CalendarLib (from `~/Documents/Source/Calendar/`)

EXTERNAL SOURCES:
  CalendarLib:
    :path: ~/Documents/Source/Calendar/

SPEC CHECKSUMS:
  CalendarLib: 6b0f0bcd4cdf21e2090c999ffee7609fcaf52483
  OrderedDictionary: 138c8d2e358d3a0c9adda15c6c7db24e8e3b09e6
  OSCache: 826996b68e8542a8a3d8af1ab0a0fc3070d8f357

PODFILE CHECKSUM: 6e59b47ac03e98afc49b995acbe7cb9992c649a8

COCOAPODS: 1.1.1
